PODS:
  - SDWebImage/Core (4.4.2)
  - SwiftLint (0.26.0)
  - TapAdditionsKit/Foundation/URLSession (1.0.9):
    - TapAdditionsKit/Foundation/URLSessionDataTaskResult
  - TapAdditionsKit/Foundation/URLSessionDataTaskResult (1.0.9)

DEPENDENCIES:
  - SDWebImage/Core
  - SwiftLint
  - TapAdditionsKit/Foundation/URLSession

SPEC REPOS:
  https://github.com/cocoapods/specs.git:
    - SDWebImage
    - SwiftLint
    - TapAdditionsKit

SPEC CHECKSUMS:
  SDWebImage: 624d6e296c69b244bcede364c72ae0430ac14681
  SwiftLint: f6b83e8d95ee1e91e11932d843af4fdcbf3fc764
  TapAdditionsKit: fc145c29e8c6d7a1bea73838e74a351a5f2b4d98

PODFILE CHECKSUM: bdb0785082d627a8c996f359cc07f173fdaff058

COCOAPODS: 1.5.3
